// !$*UTF8*$!
{
	archiveVersion = 1;
	classes = {
	};
	objectVersion = 46;
	objects = {

/* Begin PBXBuildFile section */
		49FB57E11CAE4106006435C0 /* AppDelegate.swift in Sources */ = {isa = PBXBuildFile; fileRef = 49FB57E01CAE4106006435C0 /* AppDelegate.swift */; };
		49FB57E31CAE4106006435C0 /* ViewController.swift in Sources */ = {isa = PBXBuildFile; fileRef = 49FB57E21CAE4106006435C0 /* ViewController.swift */; };
		49FB57E61CAE4106006435C0 /* Main.storyboard in Resources */ = {isa = PBXBuildFile; fileRef = 49FB57E41CAE4106006435C0 /* Main.storyboard */; };
		49FB57E81CAE4106006435C0 /* Assets.xcassets in Resources */ = {isa = PBXBuildFile; fileRef = 49FB57E71CAE4106006435C0 /* Assets.xcassets */; };
		49FB57EB1CAE4106006435C0 /* LaunchScreen.storyboard in Resources */ = {isa = PBXBuildFile; fileRef = 49FB57E91CAE4106006435C0 /* LaunchScreen.storyboard */; };
		49FB57F61CAE4106006435C0 /* filmTests.swift in Sources */ = {isa = PBXBuildFile; fileRef = 49FB57F51CAE4106006435C0 /* filmTests.swift */; };
		49FB58011CAE4106006435C0 /* filmUITests.swift in Sources */ = {isa = PBXBuildFile; fileRef = 49FB58001CAE4106006435C0 /* filmUITests.swift */; };
/* End PBXBuildFile section */

/* Begin PBXContainerItemProxy section */
		49FB57F21CAE4106006435C0 /* PBXContainerItemProxy */ = {
			isa = PBXContainerItemProxy;
			containerPortal = 49FB57D51CAE4106006435C0 /* Project object */;
			proxyType = 1;
			remoteGlobalIDString = 49FB57DC1CAE4106006435C0;
			remoteInfo = film;
		};
		49FB57FD1CAE4106006435C0 /* PBXContainerItemProxy */ = {
			isa = PBXContainerItemProxy;
			containerPortal = 49FB57D51CAE4106006435C0 /* Project object */;
			proxyType = 1;
			remoteGlobalIDString = 49FB57DC1CAE4106006435C0;
			remoteInfo = film;
		};
/* End PBXContainerItemProxy section */

/* Begin PBXFileReference section */
		49FB57DD1CAE4106006435C0 /* film.app */ = {isa = PBXFileReference; explicitFileType = wrapper.application; includeInIndex = 0; path = film.app; sourceTree = BUILT_PRODUCTS_DIR; };
		49FB57E01CAE4106006435C0 /* AppDelegate.swift */ = {isa = PBXFileReference; lastKnownFileType = sourcecode.swift; path = AppDelegate.swift; sourceTree = "<group>"; };
		49FB57E21CAE4106006435C0 /* ViewController.swift */ = {isa = PBXFileReference; lastKnownFileType = sourcecode.swift; path = ViewController.swift; sourceTree = "<group>"; };
		49FB57E51CAE4106006435C0 /* Base */ = {isa = PBXFileReference; lastKnownFileType = file.storyboard; name = Base; path = Base.lproj/Main.storyboard; sourceTree = "<group>"; };
		49FB57E71CAE4106006435C0 /* Assets.xcassets */ = {isa = PBXFileReference; lastKnownFileType = folder.assetcatalog; path = Assets.xcassets; sourceTree = "<group>"; };
		49FB57EA1CAE4106006435C0 /* Base */ = {isa = PBXFileReference; lastKnownFileType = file.storyboard; name = Base; path = Base.lproj/LaunchScreen.storyboard; sourceTree = "<group>"; };
		49FB57EC1CAE4106006435C0 /* Info.plist */ = {isa = PBXFileReference; lastKnownFileType = text.plist.xml; path = Info.plist; sourceTree = "<group>"; };
		49FB57F11CAE4106006435C0 /* filmTests.xctest */ = {isa = PBXFileReference; explicitFileType = wrapper.cfbundle; includeInIndex = 0; path = filmTests.xctest; sourceTree = BUILT_PRODUCTS_DIR; };
		49FB57F51CAE4106006435C0 /* filmTests.swift */ = {isa = PBXFileReference; lastKnownFileType = sourcecode.swift; path = filmTests.swift; sourceTree = "<group>"; };
		49FB57F71CAE4106006435C0 /* Info.plist */ = {isa = PBXFileReference; lastKnownFileType = text.plist.xml; path = Info.plist; sourceTree = "<group>"; };
		49FB57FC1CAE4106006435C0 /* filmUITests.xctest */ = {isa = PBXFileReference; explicitFileType = wrapper.cfbundle; includeInIndex = 0; path = filmUITests.xctest; sourceTree = BUILT_PRODUCTS_DIR; };
		49FB58001CAE4106006435C0 /* filmUITests.swift */ = {isa = PBXFileReference; lastKnownFileType = sourcecode.swift; path = filmUITests.swift; sourceTree = "<group>"; };
		49FB58021CAE4106006435C0 /* Info.plist */ = {isa = PBXFileReference; lastKnownFileType = text.plist.xml; path = Info.plist; sourceTree = "<group>"; };
/* End PBXFileReference section */

/* Begin PBXFrameworksBuildPhase section */
		49FB57DA1CAE4106006435C0 /* Frameworks */ = {
			isa = PBXFrameworksBuildPhase;
			buildActionMask = 2147483647;
			files = (
			);
			runOnlyForDeploymentPostprocessing = 0;
		};
		49FB57EE1CAE4106006435C0 /* Frameworks */ = {
			isa = PBXFrameworksBuildPhase;
			buildActionMask = 2147483647;
			files = (
			);
			runOnlyForDeploymentPostprocessing = 0;
		};
		49FB57F91CAE4106006435C0 /* Frameworks */ = {
			isa = PBXFrameworksBuildPhase;
			buildActionMask = 2147483647;
			files = (
			);
			runOnlyForDeploymentPostprocessing = 0;
		};
/* End PBXFrameworksBuildPhase section */

/* Begin PBXGroup section */
		49FB57D41CAE4106006435C0 = {
			isa = PBXGroup;
			children = (
				49FB57DF1CAE4106006435C0 /* film */,
				49FB57F41CAE4106006435C0 /* filmTests */,
				49FB57FF1CAE4106006435C0 /* filmUITests */,
				49FB57DE1CAE4106006435C0 /* Products */,
			);
			sourceTree = "<group>";
		};
		49FB57DE1CAE4106006435C0 /* Products */ = {
			isa = PBXGroup;
			children = (
				49FB57DD1CAE4106006435C0 /* film.app */,
				49FB57F11CAE4106006435C0 /* filmTests.xctest */,
				49FB57FC1CAE4106006435C0 /* filmUITests.xctest */,
			);
			name = Products;
			sourceTree = "<group>";
		};
		49FB57DF1CAE4106006435C0 /* film */ = {
			isa = PBXGroup;
			children = (
				49FB57E01CAE4106006435C0 /* AppDelegate.swift */,
				49FB57E21CAE4106006435C0 /* ViewController.swift */,
				49FB57E41CAE4106006435C0 /* Main.storyboard */,
				49FB57E71CAE4106006435C0 /* Assets.xcassets */,
				49FB57E91CAE4106006435C0 /* LaunchScreen.storyboard */,
				49FB57EC1CAE4106006435C0 /* Info.plist */,
			);
			path = film;
			sourceTree = "<group>";
		};
		49FB57F41CAE4106006435C0 /* filmTests */ = {
			isa = PBXGroup;
			children = (
				49FB57F51CAE4106006435C0 /* filmTests.swift */,
				49FB57F71CAE4106006435C0 /* Info.plist */,
			);
			path = filmTests;
			sourceTree = "<group>";
		};
		49FB57FF1CAE4106006435C0 /* filmUITests */ = {
			isa = PBXGroup;
			children = (
				49FB58001CAE4106006435C0 /* filmUITests.swift */,
				49FB58021CAE4106006435C0 /* Info.plist */,
			);
			path = filmUITests;
			sourceTree = "<group>";
		};
/* End PBXGroup section */

/* Begin PBXNativeTarget section */
		49FB57DC1CAE4106006435C0 /* film */ = {
			isa = PBXNativeTarget;
			buildConfigurationList = 49FB58051CAE4106006435C0 /* Build configuration list for PBXNativeTarget "film" */;
			buildPhases = (
				49FB57D91CAE4106006435C0 /* Sources */,
				49FB57DA1CAE4106006435C0 /* Frameworks */,
				49FB57DB1CAE4106006435C0 /* Resources */,
			);
			buildRules = (
			);
			dependencies = (
			);
			name = film;
			productName = film;
			productReference = 49FB57DD1CAE4106006435C0 /* film.app */;
			productType = "com.apple.product-type.application";
		};
		49FB57F01CAE4106006435C0 /* filmTests */ = {
			isa = PBXNativeTarget;
			buildConfigurationList = 49FB58081CAE4106006435C0 /* Build configuration list for PBXNativeTarget "filmTests" */;
			buildPhases = (
				49FB57ED1CAE4106006435C0 /* Sources */,
				49FB57EE1CAE4106006435C0 /* Frameworks */,
				49FB57EF1CAE4106006435C0 /* Resources */,
			);
			buildRules = (
			);
			dependencies = (
				49FB57F31CAE4106006435C0 /* PBXTargetDependency */,
			);
			name = filmTests;
			productName = filmTests;
			productReference = 49FB57F11CAE4106006435C0 /* filmTests.xctest */;
			productType = "com.apple.product-type.bundle.unit-test";
		};
		49FB57FB1CAE4106006435C0 /* filmUITests */ = {
			isa = PBXNativeTarget;
			buildConfigurationList = 49FB580B1CAE4106006435C0 /* Build configuration list for PBXNativeTarget "filmUITests" */;
			buildPhases = (
				49FB57F81CAE4106006435C0 /* Sources */,
				49FB57F91CAE4106006435C0 /* Frameworks */,
				49FB57FA1CAE4106006435C0 /* Resources */,
			);
			buildRules = (
			);
			dependencies = (
				49FB57FE1CAE4106006435C0 /* PBXTargetDependency */,
			);
			name = filmUITests;
			productName = filmUITests;
			productReference = 49FB57FC1CAE4106006435C0 /* filmUITests.xctest */;
			productType = "com.apple.product-type.bundle.ui-testing";
		};
/* End PBXNativeTarget section */

/* Begin PBXProject section */
		49FB57D51CAE4106006435C0 /* Project object */ = {
			isa = PBXProject;
			attributes = {
				LastSwiftUpdateCheck = 0720;
				LastUpgradeCheck = 0720;
				ORGANIZATIONNAME = "CE DPU";
				TargetAttributes = {
					49FB57DC1CAE4106006435C0 = {
						CreatedOnToolsVersion = 7.2;
					};
					49FB57F01CAE4106006435C0 = {
						CreatedOnToolsVersion = 7.2;
						TestTargetID = 49FB57DC1CAE4106006435C0;
					};
					49FB57FB1CAE4106006435C0 = {
						CreatedOnToolsVersion = 7.2;
						TestTargetID = 49FB57DC1CAE4106006435C0;
					};
				};
			};
			buildConfigurationList = 49FB57D81CAE4106006435C0 /* Build configuration list for PBXProject "film" */;
			compatibilityVersion = "Xcode 3.2";
			developmentRegion = English;
			hasScannedForEncodings = 0;
			knownRegions = (
				en,
				Base,
			);
			mainGroup = 49FB57D41CAE4106006435C0;
			productRefGroup = 49FB57DE1CAE4106006435C0 /* Products */;
			projectDirPath = "";
			projectRoot = "";
			targets = (
				49FB57DC1CAE4106006435C0 /* film */,
				49FB57F01CAE4106006435C0 /* filmTests */,
				49FB57FB1CAE4106006435C0 /* filmUITests */,
			);
		};
/* End PBXProject section */

/* Begin PBXResourcesBuildPhase section */
		49FB57DB1CAE4106006435C0 /* Resources */ = {
			isa = PBXResourcesBuildPhase;
			buildActionMask = 2147483647;
			files = (
				49FB57EB1CAE4106006435C0 /* LaunchScreen.storyboard in Resources */,
				49FB57E81CAE4106006435C0 /* Assets.xcassets in Resources */,
				49FB57E61CAE4106006435C0 /* Main.storyboard in Resources */,
			);
			runOnlyForDeploymentPostprocessing = 0;
		};
		49FB57EF1CAE4106006435C0 /* Resources */ = {
			isa = PBXResourcesBuildPhase;
			buildActionMask = 2147483647;
			files = (
			);
			runOnlyForDeploymentPostprocessing = 0;
		};
		49FB57FA1CAE4106006435C0 /* Resources */ = {
			isa = PBXResourcesBuildPhase;
			buildActionMask = 2147483647;
			files = (
			);
			runOnlyForDeploymentPostprocessing = 0;
		};
/* End PBXResourcesBuildPhase section */

/* Begin PBXSourcesBuildPhase section */
		49FB57D91CAE4106006435C0 /* Sources */ = {
			isa = PBXSourcesBuildPhase;
			buildActionMask = 2147483647;
			files = (
				49FB57E31CAE4106006435C0 /* ViewController.swift in Sources */,
				49FB57E11CAE4106006435C0 /* AppDelegate.swift in Sources */,
			);
			runOnlyForDeploymentPostprocessing = 0;
		};
		49FB57ED1CAE4106006435C0 /* Sources */ = {
			isa = PBXSourcesBuildPhase;
			buildActionMask = 2147483647;
			files = (
				49FB57F61CAE4106006435C0 /* filmTests.swift in Sources */,
			);
			runOnlyForDeploymentPostprocessing = 0;
		};
		49FB57F81CAE4106006435C0 /* Sources */ = {
			isa = PBXSourcesBuildPhase;
			buildActionMask = 2147483647;
			files = (
				49FB58011CAE4106006435C0 /* filmUITests.swift in Sources */,
			);
			runOnlyForDeploymentPostprocessing = 0;
		};
/* End PBXSourcesBuildPhase section */

/* Begin PBXTargetDependency section */
		49FB57F31CAE4106006435C0 /* PBXTargetDependency */ = {
			isa = PBXTargetDependency;
			target = 49FB57DC1CAE4106006435C0 /* film */;
			targetProxy = 49FB57F21CAE4106006435C0 /* PBXContainerItemProxy */;
		};
		49FB57FE1CAE4106006435C0 /* PBXTargetDependency */ = {
			isa = PBXTargetDependency;
			target = 49FB57DC1CAE4106006435C0 /* film */;
			targetProxy = 49FB57FD1CAE4106006435C0 /* PBXContainerItemProxy */;
		};
/* End PBXTargetDependency section */

/* Begin PBXVariantGroup section */
		49FB57E41CAE4106006435C0 /* Main.storyboard */ = {
			isa = PBXVariantGroup;
			children = (
				49FB57E51CAE4106006435C0 /* Base */,
			);
			name = Main.storyboard;
			sourceTree = "<group>";
		};
		49FB57E91CAE4106006435C0 /* LaunchScreen.storyboard */ = {
			isa = PBXVariantGroup;
			children = (
				49FB57EA1CAE4106006435C0 /* Base */,
			);
			name = LaunchScreen.storyboard;
			sourceTree = "<group>";
		};
/* End PBXVariantGroup section */

/* Begin XCBuildConfiguration section */
		49FB58031CAE4106006435C0 /* Debug */ = {
			isa = XCBuildConfiguration;
			buildSettings = {
				ALWAYS_SEARCH_USER_PATHS = NO;
				CLANG_CXX_LANGUAGE_STANDARD = "gnu++0x";
				CLANG_CXX_LIBRARY = "libc++";
				CLANG_ENABLE_MODULES = YES;
				CLANG_ENABLE_OBJC_ARC = YES;
				CLANG_WARN_BOOL_CONVERSION = YES;
				CLANG_WARN_CONSTANT_CONVERSION = YES;
				CLANG_WARN_DIRECT_OBJC_ISA_USAGE = YES_ERROR;
				CLANG_WARN_EMPTY_BODY = YES;
				CLANG_WARN_ENUM_CONVERSION = YES;
				CLANG_WARN_INT_CONVERSION = YES;
				CLANG_WARN_OBJC_ROOT_CLASS = YES_ERROR;
				CLANG_WARN_UNREACHABLE_CODE = YES;
				CLANG_WARN__DUPLICATE_METHOD_MATCH = YES;
				"CODE_SIGN_IDENTITY[sdk=iphoneos*]" = "iPhone Developer";
				COPY_PHASE_STRIP = NO;
				DEBUG_INFORMATION_FORMAT = dwarf;
				ENABLE_STRICT_OBJC_MSGSEND = YES;
				ENABLE_TESTABILITY = YES;
				GCC_C_LANGUAGE_STANDARD = gnu99;
				GCC_DYNAMIC_NO_PIC = NO;
				GCC_NO_COMMON_BLOCKS = YES;
				GCC_OPTIMIZATION_LEVEL = 0;
				GCC_PREPROCESSOR_DEFINITIONS = (
					"DEBUG=1",
					"$(inherited)",
				);
				GCC_WARN_64_TO_32_BIT_CONVERSION = YES;
				GCC_WARN_ABOUT_RETURN_TYPE = YES_ERROR;
				GCC_WARN_UNDECLARED_SELECTOR = YES;
				GCC_WARN_UNINITIALIZED_AUTOS = YES_AGGRESSIVE;
				GCC_WARN_UNUSED_FUNCTION = YES;
				GCC_WARN_UNUSED_VARIABLE = YES;
				IPHONEOS_DEPLOYMENT_TARGET = 9.2;
				MTL_ENABLE_DEBUG_INFO = YES;
				ONLY_ACTIVE_ARCH = YES;
				SDKROOT = iphoneos;
				SWIFT_OPTIMIZATION_LEVEL = "-Onone";
			};
			name = Debug;
		};
		49FB58041CAE4106006435C0 /* Release */ = {
			isa = XCBuildConfiguration;
			buildSettings = {
				ALWAYS_SEARCH_USER_PATHS = NO;
				CLANG_CXX_LANGUAGE_STANDARD = "gnu++0x";
				CLANG_CXX_LIBRARY = "libc++";
				CLANG_ENABLE_MODULES = YES;
				CLANG_ENABLE_OBJC_ARC = YES;
				CLANG_WARN_BOOL_CONVERSION = YES;
				CLANG_WARN_CONSTANT_CONVERSION = YES;
				CLANG_WARN_DIRECT_OBJC_ISA_USAGE = YES_ERROR;
				CLANG_WARN_EMPTY_BODY = YES;
				CLANG_WARN_ENUM_CONVERSION = YES;
				CLANG_WARN_INT_CONVERSION = YES;
				CLANG_WARN_OBJC_ROOT_CLASS = YES_ERROR;
				CLANG_WARN_UNREACHABLE_CODE = YES;
				CLANG_WARN__DUPLICATE_METHOD_MATCH = YES;
				"CODE_SIGN_IDENTITY[sdk=iphoneos*]" = "iPhone Developer";
				COPY_PHASE_STRIP = NO;
				DEBUG_INFORMATION_FORMAT = "dwarf-with-dsym";
				ENABLE_NS_ASSERTIONS = NO;
				ENABLE_STRICT_OBJC_MSGSEND = YES;
				GCC_C_LANGUAGE_STANDARD = gnu99;
				GCC_NO_COMMON_BLOCKS = YES;
				GCC_WARN_64_TO_32_BIT_CONVERSION = YES;
				GCC_WARN_ABOUT_RETURN_TYPE = YES_ERROR;
				GCC_WARN_UNDECLARED_SELECTOR = YES;
				GCC_WARN_UNINITIALIZED_AUTOS = YES_AGGRESSIVE;
				GCC_WARN_UNUSED_FUNCTION = YES;
				GCC_WARN_UNUSED_VARIABLE = YES;
				IPHONEOS_DEPLOYMENT_TARGET = 9.2;
				MTL_ENABLE_DEBUG_INFO = NO;
				SDKROOT = iphoneos;
				VALIDATE_PRODUCT = YES;
			};
			name = Release;
		};
		49FB58061CAE4106006435C0 /* Debug */ = {
			isa = XCBuildConfiguration;
			buildSettings = {
				ASSETCATALOG_COMPILER_APPICON_NAME = AppIcon;
				INFOPLIST_FILE = film/Info.plist;
				LD_RUNPATH_SEARCH_PATHS = "$(inherited) @executable_path/Frameworks";
				PRODUCT_BUNDLE_IDENTIFIER = my.company.film;
				PRODUCT_NAME = "$(TARGET_NAME)";
			};
			name = Debug;
		};
		49FB58071CAE4106006435C0 /* Release */ = {
			isa = XCBuildConfiguration;
			buildSettings = {
				ASSETCATALOG_COMPILER_APPICON_NAME = AppIcon;
				INFOPLIST_FILE = film/Info.plist;
				LD_RUNPATH_SEARCH_PATHS = "$(inherited) @executable_path/Frameworks";
				PRODUCT_BUNDLE_IDENTIFIER = my.company.film;
				PRODUCT_NAME = "$(TARGET_NAME)";
			};
			name = Release;
		};
		49FB58091CAE4106006435C0 /* Debug */ = {
			isa = XCBuildConfiguration;
			buildSettings = {
				BUNDLE_LOADER = "$(TEST_HOST)";
				INFOPLIST_FILE = filmTests/Info.plist;
				LD_RUNPATH_SEARCH_PATHS = "$(inherited) @executable_path/Frameworks @loader_path/Frameworks";
				PRODUCT_BUNDLE_IDENTIFIER = my.company.filmTests;
				PRODUCT_NAME = "$(TARGET_NAME)";
				TEST_HOST = "$(BUILT_PRODUCTS_DIR)/film.app/film";
			};
			name = Debug;
		};
		49FB580A1CAE4106006435C0 /* Release */ = {
			isa = XCBuildConfiguration;
			buildSettings = {
				BUNDLE_LOADER = "$(TEST_HOST)";
				INFOPLIST_FILE = filmTests/Info.plist;
				LD_RUNPATH_SEARCH_PATHS = "$(inherited) @executable_path/Frameworks @loader_path/Frameworks";
				PRODUCT_BUNDLE_IDENTIFIER = my.company.filmTests;
				PRODUCT_NAME = "$(TARGET_NAME)";
				TEST_HOST = "$(BUILT_PRODUCTS_DIR)/film.app/film";
			};
			name = Release;
		};
		49FB580C1CAE4106006435C0 /* Debug */ = {
			isa = XCBuildConfiguration;
			buildSettings = {
				INFOPLIST_FILE = filmUITests/Info.plist;
				LD_RUNPATH_SEARCH_PATHS = "$(inherited) @executable_path/Frameworks @loader_path/Frameworks";
				PRODUCT_BUNDLE_IDENTIFIER = my.company.filmUITests;
				PRODUCT_NAME = "$(TARGET_NAME)";
				TEST_TARGET_NAME = film;
				USES_XCTRUNNER = YES;
			};
			name = Debug;
		};
		49FB580D1CAE4106006435C0 /* Release */ = {
			isa = XCBuildConfiguration;
			buildSettings = {
				INFOPLIST_FILE = filmUITests/Info.plist;
				LD_RUNPATH_SEARCH_PATHS = "$(inherited) @executable_path/Frameworks @loader_path/Frameworks";
				PRODUCT_BUNDLE_IDENTIFIER = my.company.filmUITests;
				PRODUCT_NAME = "$(TARGET_NAME)";
				TEST_TARGET_NAME = film;
				USES_XCTRUNNER = YES;
			};
			name = Release;
		};
/* End XCBuildConfiguration section */

/* Begin XCConfigurationList section */
		49FB57D81CAE4106006435C0 /* Build configuration list for PBXProject "film" */ = {
			isa = XCConfigurationList;
			buildConfigurations = (
				49FB58031CAE4106006435C0 /* Debug */,
				49FB58041CAE4106006435C0 /* Release */,
			);
			defaultConfigurationIsVisible = 0;
			defaultConfigurationName = Release;
		};
		49FB58051CAE4106006435C0 /* Build configuration list for PBXNativeTarget "film" */ = {
			isa = XCConfigurationList;
			buildConfigurations = (
				49FB58061CAE4106006435C0 /* Debug */,
				49FB58071CAE4106006435C0 /* Release */,
			);
			defaultConfigurationIsVisible = 0;
		};
		49FB58081CAE4106006435C0 /* Build configuration list for PBXNativeTarget "filmTests" */ = {
			isa = XCConfigurationList;
			buildConfigurations = (
				49FB58091CAE4106006435C0 /* Debug */,
				49FB580A1CAE4106006435C0 /* Release */,
			);
			defaultConfigurationIsVisible = 0;
		};
		49FB580B1CAE4106006435C0 /* Build configuration list for PBXNativeTarget "filmUITests" */ = {
			isa = XCConfigurationList;
			buildConfigurations = (
				49FB580C1CAE4106006435C0 /* Debug */,
				49FB580D1CAE4106006435C0 /* Release */,
			);
			defaultConfigurationIsVisible = 0;
		};
/* End XCConfigurationList section */
	};
	rootObject = 49FB57D51CAE4106006435C0 /* Project object */;
}
